
Microsoft Visual Studio Solution File, Format Version 12.00
# Visual Studio 14
VisualStudioVersion = 14.0.25420.1
MinimumVisualStudioVersion = 12.0
Project("{8BC9CEB8-8B4A-11D0-8D11-00A0C91BC942}") = "cebackup", "filter\cebackup.vcxproj", "{D8B8DA25-0E6D-4631-8B25-DBF5B10B45AD}"
EndProject
Project("{8BC9CEB8-8B4A-11D0-8D11-00A0C91BC942}") = "ceuser", "ceuser\ceuser.vcxproj", "{23D3E993-8190-45F8-A930-A98EEC898A9C}"
	ProjectSection(ProjectDependencies) = postProject
		{D8B8DA25-0E6D-4631-8B25-DBF5B10B45AD} = {D8B8DA25-0E6D-4631-8B25-DBF5B10B45AD}
		{C1E8BFF0-F318-4EF2-B746-47F3CB8FFB31} = {C1E8BFF0-F318-4EF2-B746-47F3CB8FFB31}
	EndProjectSection
EndProject
Project("{8BC9CEB8-8B4A-11D0-8D11-00A0C91BC942}") = "settings", "settings\settings.vcxproj", "{C1E8BFF0-F318-4EF2-B746-47F3CB8FFB31}"
EndProject
Project("{8BC9CEB8-8B4A-11D0-8D11-00A0C91BC942}") = "cerestore", "cerestore\restore.vcxproj", "{91A6E933-E23A-48B7-B7EF-B70F7B657F07}"
	ProjectSection(ProjectDependencies) = postProject
		{D8B8DA25-0E6D-4631-8B25-DBF5B10B45AD} = {D8B8DA25-0E6D-4631-8B25-DBF5B10B45AD}
		{C1E8BFF0-F318-4EF2-B746-47F3CB8FFB31} = {C1E8BFF0-F318-4EF2-B746-47F3CB8FFB31}
	EndProjectSection
EndProject
Project("{8BC9CEB8-8B4A-11D0-8D11-00A0C91BC942}") = "cetest", "cetest\cetest.vcxproj", "{23B78CF1-B6C7-48D0-8D68-8C33BDB43B62}"
	ProjectSection(ProjectDependencies) = postProject
		{D8B8DA25-0E6D-4631-8B25-DBF5B10B45AD} = {D8B8DA25-0E6D-4631-8B25-DBF5B10B45AD}
		{91A6E933-E23A-48B7-B7EF-B70F7B657F07} = {91A6E933-E23A-48B7-B7EF-B70F7B657F07}
		{23D3E993-8190-45F8-A930-A98EEC898A9C} = {23D3E993-8190-45F8-A930-A98EEC898A9C}
		{C1E8BFF0-F318-4EF2-B746-47F3CB8FFB31} = {C1E8BFF0-F318-4EF2-B746-47F3CB8FFB31}
	EndProjectSection
EndProject
Project("{8BC9CEB8-8B4A-11D0-8D11-00A0C91BC942}") = "ceservice", "ceservice\ceservice.vcxproj", "{C3D9E303-39CB-4A2E-93A3-04177CD85319}"
	ProjectSection(ProjectDependencies) = postProject
		{C1E8BFF0-F318-4EF2-B746-47F3CB8FFB31} = {C1E8BFF0-F318-4EF2-B746-47F3CB8FFB31}
	EndProjectSection
EndProject
Project("{8BC9CEB8-8B4A-11D0-8D11-00A0C91BC942}") = "ceuserlib", "ceuserlib\ceuserlib.vcxproj", "{86117D1D-5C30-4B9D-9C9D-0936BBE52F48}"
	ProjectSection(ProjectDependencies) = postProject
		{D8B8DA25-0E6D-4631-8B25-DBF5B10B45AD} = {D8B8DA25-0E6D-4631-8B25-DBF5B10B45AD}
		{C1E8BFF0-F318-4EF2-B746-47F3CB8FFB31} = {C1E8BFF0-F318-4EF2-B746-47F3CB8FFB31}
	EndProjectSection
EndProject
Project("{FAE04EC0-301F-11D3-BF4B-00C04F79EFBC}") = "CeServerTestNet", "CeServerTestNet\CeServerTestNet.csproj", "{CDBB25DD-498D-4B6D-8C07-5E138BD78602}"
	ProjectSection(ProjectDependencies) = postProject
		{2BB3DB3C-3FFB-4AF4-9B6A-BA8394B1D83C} = {2BB3DB3C-3FFB-4AF4-9B6A-BA8394B1D83C}
	EndProjectSection
EndProject
Project("{FAE04EC0-301F-11D3-BF4B-00C04F79EFBC}") = "CeBackupServerLibNet", "CeBackupServerLibNet\CeBackupServerLibNet.csproj", "{2BB3DB3C-3FFB-4AF4-9B6A-BA8394B1D83C}"
	ProjectSection(ProjectDependencies) = postProject
		{86117D1D-5C30-4B9D-9C9D-0936BBE52F48} = {86117D1D-5C30-4B9D-9C9D-0936BBE52F48}
	EndProjectSection
EndProject
Project("{FAE04EC0-301F-11D3-BF4B-00C04F79EFBC}") = "CeServiceNet", "CeServiceNet\CeServiceNet.csproj", "{4DF629D6-B366-4ABE-BB2E-4CCA57B6F545}"
	ProjectSection(ProjectDependencies) = postProject
		{83D2676D-70EA-4705-B166-19224BE0038C} = {83D2676D-70EA-4705-B166-19224BE0038C}
	EndProjectSection
EndProject
Project("{FAE04EC0-301F-11D3-BF4B-00C04F79EFBC}") = "CeServiceLibNet", "CeServiceLibNet\CeServiceLibNet.csproj", "{83D2676D-70EA-4705-B166-19224BE0038C}"
	ProjectSection(ProjectDependencies) = postProject
		{2BB3DB3C-3FFB-4AF4-9B6A-BA8394B1D83C} = {2BB3DB3C-3FFB-4AF4-9B6A-BA8394B1D83C}
	EndProjectSection
EndProject
Project("{FAE04EC0-301F-11D3-BF4B-00C04F79EFBC}") = "CeHostNet", "CeHostNet\CeHostNet.csproj", "{DEF23559-3983-4CFE-9090-7D83EBC56F8D}"
	ProjectSection(ProjectDependencies) = postProject
		{83D2676D-70EA-4705-B166-19224BE0038C} = {83D2676D-70EA-4705-B166-19224BE0038C}
	EndProjectSection
EndProject
Project("{2150E333-8FDC-42A3-9474-1A3956D46DE8}") = "Driver", "Driver", "{57393D9B-7340-49D4-8930-8C241FCBE9C5}"
EndProject
Project("{2150E333-8FDC-42A3-9474-1A3956D46DE8}") = "Server", "Server", "{17441A16-E809-4C15-AF80-BC5F069BFD3A}"
EndProject
Project("{2150E333-8FDC-42A3-9474-1A3956D46DE8}") = "Client", "Client", "{E356082C-6BB9-4C92-960A-D576A864837A}"
EndProject
Project("{2150E333-8FDC-42A3-9474-1A3956D46DE8}") = "Service", "Service", "{3FE1204A-39DB-4CCA-B04A-1BC59DE32581}"
EndProject
Project("{2150E333-8FDC-42A3-9474-1A3956D46DE8}") = "CSharp", "CSharp", "{1C2FC250-966E-470B-A955-3B7D3F84337E}"
EndProject
Project("{2150E333-8FDC-42A3-9474-1A3956D46DE8}") = "CPP", "CPP", "{2FC3361B-5859-4933-A2A6-40C75D46FDE4}"
EndProject
Project("{2150E333-8FDC-42A3-9474-1A3956D46DE8}") = "Test", "Test", "{1495EA42-2D6D-49D2-980A-1444B85CA65D}"
EndProject
Project("{2150E333-8FDC-42A3-9474-1A3956D46DE8}") = "Test", "Test", "{41D3CDFD-6004-4142-97AF-9CD253EEF36B}"
EndProject
Project("{2150E333-8FDC-42A3-9474-1A3956D46DE8}") = "Lib", "Lib", "{230E605D-F2F2-4257-A5A9-A90B8AEF6A25}"
EndProject
Project("{2150E333-8FDC-42A3-9474-1A3956D46DE8}") = "Server", "Server", "{F68AE47B-9A50-4424-8213-4BC7CC04E3E8}"
EndProject
Project("{2150E333-8FDC-42A3-9474-1A3956D46DE8}") = "Lib", "Lib", "{CAEB7E77-B633-4F6B-8629-F7AC618D9131}"
EndProject
Project("{2150E333-8FDC-42A3-9474-1A3956D46DE8}") = "Lib", "Lib", "{7FE9C9DC-E653-4123-AC64-C15A162505FF}"
EndProject
Project("{FAE04EC0-301F-11D3-BF4B-00C04F79EFBC}") = "CeBackupClientLibNet", "CeBackupClientLibNet\CeBackupClientLibNet.csproj", "{E34B1E71-A912-46A9-9AD7-440F334B823E}"
EndProject
Project("{2150E333-8FDC-42A3-9474-1A3956D46DE8}") = "Test", "Test", "{A98313BC-BECE-4D52-9998-FDFC117B6F9F}"
EndProject
Project("{2150E333-8FDC-42A3-9474-1A3956D46DE8}") = "Common", "Common", "{822AD7AB-BEB4-46FB-A8B8-776268FEFE2B}"
EndProject
Project("{FAE04EC0-301F-11D3-BF4B-00C04F79EFBC}") = "CommonNet", "CommonNet\CommonNet.csproj", "{849A653D-D479-458C-8799-3C1E4A78FCD5}"
EndProject
Project("{2150E333-8FDC-42A3-9474-1A3956D46DE8}") = "CSharp", "CSharp", "{34EE3A1D-2356-4761-94E8-F9A23FE6BD24}"
EndProject
Project("{FAE04EC0-301F-11D3-BF4B-00C04F79EFBC}") = "CeClientTestNet", "CeClientTestNet\CeClientTestNet.csproj", "{B0F7B182-2374-44D9-882C-51465819A210}"
	ProjectSection(ProjectDependencies) = postProject
		{E34B1E71-A912-46A9-9AD7-440F334B823E} = {E34B1E71-A912-46A9-9AD7-440F334B823E}
	EndProjectSection
EndProject
Global
	GlobalSection(SolutionConfigurationPlatforms) = preSolution
		Debug|Win32 = Debug|Win32
		Debug|x64 = Debug|x64
		Release|Win32 = Release|Win32
		Release|x64 = Release|x64
	EndGlobalSection
	GlobalSection(ProjectConfigurationPlatforms) = postSolution
		{D8B8DA25-0E6D-4631-8B25-DBF5B10B45AD}.Debug|Win32.ActiveCfg = Debug|Win32
		{D8B8DA25-0E6D-4631-8B25-DBF5B10B45AD}.Debug|Win32.Build.0 = Debug|Win32
		{D8B8DA25-0E6D-4631-8B25-DBF5B10B45AD}.Debug|x64.ActiveCfg = Debug|x64
		{D8B8DA25-0E6D-4631-8B25-DBF5B10B45AD}.Debug|x64.Build.0 = Debug|x64
		{D8B8DA25-0E6D-4631-8B25-DBF5B10B45AD}.Release|Win32.ActiveCfg = Release|Win32
		{D8B8DA25-0E6D-4631-8B25-DBF5B10B45AD}.Release|Win32.Build.0 = Release|Win32
		{D8B8DA25-0E6D-4631-8B25-DBF5B10B45AD}.Release|x64.ActiveCfg = Release|x64
		{D8B8DA25-0E6D-4631-8B25-DBF5B10B45AD}.Release|x64.Build.0 = Release|x64
		{23D3E993-8190-45F8-A930-A98EEC898A9C}.Debug|Win32.ActiveCfg = Debug|Win32
		{23D3E993-8190-45F8-A930-A98EEC898A9C}.Debug|Win32.Build.0 = Debug|Win32
		{23D3E993-8190-45F8-A930-A98EEC898A9C}.Debug|x64.ActiveCfg = Debug|x64
		{23D3E993-8190-45F8-A930-A98EEC898A9C}.Debug|x64.Build.0 = Debug|x64
		{23D3E993-8190-45F8-A930-A98EEC898A9C}.Debug|x64.Deploy.0 = Debug|x64
		{23D3E993-8190-45F8-A930-A98EEC898A9C}.Release|Win32.ActiveCfg = Release|Win32
		{23D3E993-8190-45F8-A930-A98EEC898A9C}.Release|Win32.Build.0 = Release|Win32
		{23D3E993-8190-45F8-A930-A98EEC898A9C}.Release|x64.ActiveCfg = Release|x64
		{23D3E993-8190-45F8-A930-A98EEC898A9C}.Release|x64.Build.0 = Release|x64
		{C1E8BFF0-F318-4EF2-B746-47F3CB8FFB31}.Debug|Win32.ActiveCfg = Debug|Win32
		{C1E8BFF0-F318-4EF2-B746-47F3CB8FFB31}.Debug|Win32.Build.0 = Debug|Win32
		{C1E8BFF0-F318-4EF2-B746-47F3CB8FFB31}.Debug|x64.ActiveCfg = Debug|x64
		{C1E8BFF0-F318-4EF2-B746-47F3CB8FFB31}.Debug|x64.Build.0 = Debug|x64
		{C1E8BFF0-F318-4EF2-B746-47F3CB8FFB31}.Release|Win32.ActiveCfg = Release|Win32
		{C1E8BFF0-F318-4EF2-B746-47F3CB8FFB31}.Release|Win32.Build.0 = Release|Win32
		{C1E8BFF0-F318-4EF2-B746-47F3CB8FFB31}.Release|x64.ActiveCfg = Release|x64
		{C1E8BFF0-F318-4EF2-B746-47F3CB8FFB31}.Release|x64.Build.0 = Release|x64
		{91A6E933-E23A-48B7-B7EF-B70F7B657F07}.Debug|Win32.ActiveCfg = Debug|Win32
		{91A6E933-E23A-48B7-B7EF-B70F7B657F07}.Debug|Win32.Build.0 = Debug|Win32
		{91A6E933-E23A-48B7-B7EF-B70F7B657F07}.Debug|x64.ActiveCfg = Debug|x64
		{91A6E933-E23A-48B7-B7EF-B70F7B657F07}.Debug|x64.Build.0 = Debug|x64
		{91A6E933-E23A-48B7-B7EF-B70F7B657F07}.Debug|x64.Deploy.0 = Debug|x64
		{91A6E933-E23A-48B7-B7EF-B70F7B657F07}.Release|Win32.ActiveCfg = Release|Win32
		{91A6E933-E23A-48B7-B7EF-B70F7B657F07}.Release|Win32.Build.0 = Release|Win32
		{91A6E933-E23A-48B7-B7EF-B70F7B657F07}.Release|x64.ActiveCfg = Release|x64
		{91A6E933-E23A-48B7-B7EF-B70F7B657F07}.Release|x64.Build.0 = Release|x64
		{23B78CF1-B6C7-48D0-8D68-8C33BDB43B62}.Debug|Win32.ActiveCfg = Debug|Win32
		{23B78CF1-B6C7-48D0-8D68-8C33BDB43B62}.Debug|Win32.Build.0 = Debug|Win32
		{23B78CF1-B6C7-48D0-8D68-8C33BDB43B62}.Debug|x64.ActiveCfg = Debug|x64
		{23B78CF1-B6C7-48D0-8D68-8C33BDB43B62}.Debug|x64.Build.0 = Debug|x64
		{23B78CF1-B6C7-48D0-8D68-8C33BDB43B62}.Debug|x64.Deploy.0 = Debug|x64
		{23B78CF1-B6C7-48D0-8D68-8C33BDB43B62}.Release|Win32.ActiveCfg = Release|Win32
		{23B78CF1-B6C7-48D0-8D68-8C33BDB43B62}.Release|Win32.Build.0 = Release|Win32
		{23B78CF1-B6C7-48D0-8D68-8C33BDB43B62}.Release|x64.ActiveCfg = Release|x64
		{23B78CF1-B6C7-48D0-8D68-8C33BDB43B62}.Release|x64.Build.0 = Release|x64
		{C3D9E303-39CB-4A2E-93A3-04177CD85319}.Debug|Win32.ActiveCfg = Debug|Win32
		{C3D9E303-39CB-4A2E-93A3-04177CD85319}.Debug|Win32.Build.0 = Debug|Win32
		{C3D9E303-39CB-4A2E-93A3-04177CD85319}.Debug|x64.ActiveCfg = Debug|x64
		{C3D9E303-39CB-4A2E-93A3-04177CD85319}.Debug|x64.Build.0 = Debug|x64
		{C3D9E303-39CB-4A2E-93A3-04177CD85319}.Release|Win32.ActiveCfg = Release|Win32
		{C3D9E303-39CB-4A2E-93A3-04177CD85319}.Release|Win32.Build.0 = Release|Win32
		{C3D9E303-39CB-4A2E-93A3-04177CD85319}.Release|x64.ActiveCfg = Release|x64
		{C3D9E303-39CB-4A2E-93A3-04177CD85319}.Release|x64.Build.0 = Release|x64
		{86117D1D-5C30-4B9D-9C9D-0936BBE52F48}.Debug|Win32.ActiveCfg = Debug|Win32
		{86117D1D-5C30-4B9D-9C9D-0936BBE52F48}.Debug|Win32.Build.0 = Debug|Win32
		{86117D1D-5C30-4B9D-9C9D-0936BBE52F48}.Debug|x64.ActiveCfg = Debug|x64
		{86117D1D-5C30-4B9D-9C9D-0936BBE52F48}.Debug|x64.Build.0 = Debug|x64
		{86117D1D-5C30-4B9D-9C9D-0936BBE52F48}.Release|Win32.ActiveCfg = Release|Win32
		{86117D1D-5C30-4B9D-9C9D-0936BBE52F48}.Release|Win32.Build.0 = Release|Win32
		{86117D1D-5C30-4B9D-9C9D-0936BBE52F48}.Release|x64.ActiveCfg = Release|x64
		{86117D1D-5C30-4B9D-9C9D-0936BBE52F48}.Release|x64.Build.0 = Release|x64
		{CDBB25DD-498D-4B6D-8C07-5E138BD78602}.Debug|Win32.ActiveCfg = Debug|Any CPU
		{CDBB25DD-498D-4B6D-8C07-5E138BD78602}.Debug|Win32.Build.0 = Debug|Any CPU
		{CDBB25DD-498D-4B6D-8C07-5E138BD78602}.Debug|x64.ActiveCfg = Debug|Any CPU
		{CDBB25DD-498D-4B6D-8C07-5E138BD78602}.Debug|x64.Build.0 = Debug|Any CPU
		{CDBB25DD-498D-4B6D-8C07-5E138BD78602}.Release|Win32.ActiveCfg = Release|Any CPU
		{CDBB25DD-498D-4B6D-8C07-5E138BD78602}.Release|Win32.Build.0 = Release|Any CPU
		{CDBB25DD-498D-4B6D-8C07-5E138BD78602}.Release|x64.ActiveCfg = Release|Any CPU
		{CDBB25DD-498D-4B6D-8C07-5E138BD78602}.Release|x64.Build.0 = Release|Any CPU
		{2BB3DB3C-3FFB-4AF4-9B6A-BA8394B1D83C}.Debug|Win32.ActiveCfg = Debug|Any CPU
		{2BB3DB3C-3FFB-4AF4-9B6A-BA8394B1D83C}.Debug|Win32.Build.0 = Debug|Any CPU
		{2BB3DB3C-3FFB-4AF4-9B6A-BA8394B1D83C}.Debug|x64.ActiveCfg = Debug|Any CPU
		{2BB3DB3C-3FFB-4AF4-9B6A-BA8394B1D83C}.Debug|x64.Build.0 = Debug|Any CPU
		{2BB3DB3C-3FFB-4AF4-9B6A-BA8394B1D83C}.Release|Win32.ActiveCfg = Release|Any CPU
		{2BB3DB3C-3FFB-4AF4-9B6A-BA8394B1D83C}.Release|Win32.Build.0 = Release|Any CPU
		{2BB3DB3C-3FFB-4AF4-9B6A-BA8394B1D83C}.Release|x64.ActiveCfg = Release|Any CPU
		{2BB3DB3C-3FFB-4AF4-9B6A-BA8394B1D83C}.Release|x64.Build.0 = Release|Any CPU
		{4DF629D6-B366-4ABE-BB2E-4CCA57B6F545}.Debug|Win32.ActiveCfg = Debug|Any CPU
		{4DF629D6-B366-4ABE-BB2E-4CCA57B6F545}.Debug|Win32.Build.0 = Debug|Any CPU
		{4DF629D6-B366-4ABE-BB2E-4CCA57B6F545}.Debug|x64.ActiveCfg = Debug|Any CPU
		{4DF629D6-B366-4ABE-BB2E-4CCA57B6F545}.Debug|x64.Build.0 = Debug|Any CPU
		{4DF629D6-B366-4ABE-BB2E-4CCA57B6F545}.Release|Win32.ActiveCfg = Release|Any CPU
		{4DF629D6-B366-4ABE-BB2E-4CCA57B6F545}.Release|Win32.Build.0 = Release|Any CPU
		{4DF629D6-B366-4ABE-BB2E-4CCA57B6F545}.Release|x64.ActiveCfg = Release|Any CPU
		{4DF629D6-B366-4ABE-BB2E-4CCA57B6F545}.Release|x64.Build.0 = Release|Any CPU
		{83D2676D-70EA-4705-B166-19224BE0038C}.Debug|Win32.ActiveCfg = Debug|Any CPU
		{83D2676D-70EA-4705-B166-19224BE0038C}.Debug|Win32.Build.0 = Debug|Any CPU
		{83D2676D-70EA-4705-B166-19224BE0038C}.Debug|x64.ActiveCfg = Debug|Any CPU
		{83D2676D-70EA-4705-B166-19224BE0038C}.Debug|x64.Build.0 = Debug|Any CPU
		{83D2676D-70EA-4705-B166-19224BE0038C}.Release|Win32.ActiveCfg = Release|Any CPU
		{83D2676D-70EA-4705-B166-19224BE0038C}.Release|Win32.Build.0 = Release|Any CPU
		{83D2676D-70EA-4705-B166-19224BE0038C}.Release|x64.ActiveCfg = Release|Any CPU
		{83D2676D-70EA-4705-B166-19224BE0038C}.Release|x64.Build.0 = Release|Any CPU
		{DEF23559-3983-4CFE-9090-7D83EBC56F8D}.Debug|Win32.ActiveCfg = Debug|Any CPU
		{DEF23559-3983-4CFE-9090-7D83EBC56F8D}.Debug|Win32.Build.0 = Debug|Any CPU
		{DEF23559-3983-4CFE-9090-7D83EBC56F8D}.Debug|x64.ActiveCfg = Debug|Any CPU
		{DEF23559-3983-4CFE-9090-7D83EBC56F8D}.Debug|x64.Build.0 = Debug|Any CPU
		{DEF23559-3983-4CFE-9090-7D83EBC56F8D}.Release|Win32.ActiveCfg = Release|Any CPU
		{DEF23559-3983-4CFE-9090-7D83EBC56F8D}.Release|Win32.Build.0 = Release|Any CPU
		{DEF23559-3983-4CFE-9090-7D83EBC56F8D}.Release|x64.ActiveCfg = Release|Any CPU
		{DEF23559-3983-4CFE-9090-7D83EBC56F8D}.Release|x64.Build.0 = Release|Any CPU
		{E34B1E71-A912-46A9-9AD7-440F334B823E}.Debug|Win32.ActiveCfg = Debug|Any CPU
		{E34B1E71-A912-46A9-9AD7-440F334B823E}.Debug|Win32.Build.0 = Debug|Any CPU
		{E34B1E71-A912-46A9-9AD7-440F334B823E}.Debug|x64.ActiveCfg = Debug|Any CPU
		{E34B1E71-A912-46A9-9AD7-440F334B823E}.Debug|x64.Build.0 = Debug|Any CPU
		{E34B1E71-A912-46A9-9AD7-440F334B823E}.Release|Win32.ActiveCfg = Release|Any CPU
		{E34B1E71-A912-46A9-9AD7-440F334B823E}.Release|Win32.Build.0 = Release|Any CPU
		{E34B1E71-A912-46A9-9AD7-440F334B823E}.Release|x64.ActiveCfg = Release|Any CPU
		{E34B1E71-A912-46A9-9AD7-440F334B823E}.Release|x64.Build.0 = Release|Any CPU
		{849A653D-D479-458C-8799-3C1E4A78FCD5}.Debug|Win32.ActiveCfg = Debug|Any CPU
		{849A653D-D479-458C-8799-3C1E4A78FCD5}.Debug|Win32.Build.0 = Debug|Any CPU
		{849A653D-D479-458C-8799-3C1E4A78FCD5}.Debug|x64.ActiveCfg = Debug|Any CPU
		{849A653D-D479-458C-8799-3C1E4A78FCD5}.Debug|x64.Build.0 = Debug|Any CPU
		{849A653D-D479-458C-8799-3C1E4A78FCD5}.Release|Win32.ActiveCfg = Release|Any CPU
		{849A653D-D479-458C-8799-3C1E4A78FCD5}.Release|Win32.Build.0 = Release|Any CPU
		{849A653D-D479-458C-8799-3C1E4A78FCD5}.Release|x64.ActiveCfg = Release|Any CPU
		{849A653D-D479-458C-8799-3C1E4A78FCD5}.Release|x64.Build.0 = Release|Any CPU
		{B0F7B182-2374-44D9-882C-51465819A210}.Debug|Win32.ActiveCfg = Debug|Any CPU
		{B0F7B182-2374-44D9-882C-51465819A210}.Debug|Win32.Build.0 = Debug|Any CPU
		{B0F7B182-2374-44D9-882C-51465819A210}.Debug|x64.ActiveCfg = Debug|Any CPU
		{B0F7B182-2374-44D9-882C-51465819A210}.Debug|x64.Build.0 = Debug|Any CPU
		{B0F7B182-2374-44D9-882C-51465819A210}.Release|Win32.ActiveCfg = Release|Any CPU
		{B0F7B182-2374-44D9-882C-51465819A210}.Release|Win32.Build.0 = Release|Any CPU
		{B0F7B182-2374-44D9-882C-51465819A210}.Release|x64.ActiveCfg = Release|Any CPU
		{B0F7B182-2374-44D9-882C-51465819A210}.Release|x64.Build.0 = Release|Any CPU
	EndGlobalSection
	GlobalSection(SolutionProperties) = preSolution
		HideSolutionNode = FALSE
	EndGlobalSection
	GlobalSection(NestedProjects) = preSolution
		{D8B8DA25-0E6D-4631-8B25-DBF5B10B45AD} = {57393D9B-7340-49D4-8930-8C241FCBE9C5}
		{23D3E993-8190-45F8-A930-A98EEC898A9C} = {41D3CDFD-6004-4142-97AF-9CD253EEF36B}
		{C1E8BFF0-F318-4EF2-B746-47F3CB8FFB31} = {230E605D-F2F2-4257-A5A9-A90B8AEF6A25}
		{91A6E933-E23A-48B7-B7EF-B70F7B657F07} = {41D3CDFD-6004-4142-97AF-9CD253EEF36B}
		{23B78CF1-B6C7-48D0-8D68-8C33BDB43B62} = {41D3CDFD-6004-4142-97AF-9CD253EEF36B}
		{C3D9E303-39CB-4A2E-93A3-04177CD85319} = {41D3CDFD-6004-4142-97AF-9CD253EEF36B}
		{86117D1D-5C30-4B9D-9C9D-0936BBE52F48} = {230E605D-F2F2-4257-A5A9-A90B8AEF6A25}
		{CDBB25DD-498D-4B6D-8C07-5E138BD78602} = {1495EA42-2D6D-49D2-980A-1444B85CA65D}
		{2BB3DB3C-3FFB-4AF4-9B6A-BA8394B1D83C} = {CAEB7E77-B633-4F6B-8629-F7AC618D9131}
		{4DF629D6-B366-4ABE-BB2E-4CCA57B6F545} = {3FE1204A-39DB-4CCA-B04A-1BC59DE32581}
		{83D2676D-70EA-4705-B166-19224BE0038C} = {3FE1204A-39DB-4CCA-B04A-1BC59DE32581}
		{DEF23559-3983-4CFE-9090-7D83EBC56F8D} = {3FE1204A-39DB-4CCA-B04A-1BC59DE32581}
		{3FE1204A-39DB-4CCA-B04A-1BC59DE32581} = {1C2FC250-966E-470B-A955-3B7D3F84337E}
		{1C2FC250-966E-470B-A955-3B7D3F84337E} = {17441A16-E809-4C15-AF80-BC5F069BFD3A}
		{2FC3361B-5859-4933-A2A6-40C75D46FDE4} = {17441A16-E809-4C15-AF80-BC5F069BFD3A}
		{1495EA42-2D6D-49D2-980A-1444B85CA65D} = {F68AE47B-9A50-4424-8213-4BC7CC04E3E8}
		{41D3CDFD-6004-4142-97AF-9CD253EEF36B} = {2FC3361B-5859-4933-A2A6-40C75D46FDE4}
		{230E605D-F2F2-4257-A5A9-A90B8AEF6A25} = {2FC3361B-5859-4933-A2A6-40C75D46FDE4}
		{F68AE47B-9A50-4424-8213-4BC7CC04E3E8} = {1C2FC250-966E-470B-A955-3B7D3F84337E}
		{CAEB7E77-B633-4F6B-8629-F7AC618D9131} = {F68AE47B-9A50-4424-8213-4BC7CC04E3E8}
		{7FE9C9DC-E653-4123-AC64-C15A162505FF} = {34EE3A1D-2356-4761-94E8-F9A23FE6BD24}
		{E34B1E71-A912-46A9-9AD7-440F334B823E} = {7FE9C9DC-E653-4123-AC64-C15A162505FF}
		{A98313BC-BECE-4D52-9998-FDFC117B6F9F} = {34EE3A1D-2356-4761-94E8-F9A23FE6BD24}
		{822AD7AB-BEB4-46FB-A8B8-776268FEFE2B} = {1C2FC250-966E-470B-A955-3B7D3F84337E}
		{849A653D-D479-458C-8799-3C1E4A78FCD5} = {822AD7AB-BEB4-46FB-A8B8-776268FEFE2B}
		{34EE3A1D-2356-4761-94E8-F9A23FE6BD24} = {E356082C-6BB9-4C92-960A-D576A864837A}
		{B0F7B182-2374-44D9-882C-51465819A210} = {A98313BC-BECE-4D52-9998-FDFC117B6F9F}
	EndGlobalSection
EndGlobal
