
Microsoft Visual Studio Solution File, Format Version 12.00
# Visual Studio 14
VisualStudioVersion = 14.0.25420.1
MinimumVisualStudioVersion = 12.0
Project("{8BC9CEB8-8B4A-11D0-8D11-00A0C91BC942}") = "cebackup", "filter\cebackup.vcxproj", "{D8B8DA25-0E6D-4631-8B25-DBF5B10B45AD}"
EndProject
Project("{8BC9CEB8-8B4A-11D0-8D11-00A0C91BC942}") = "ceuser", "ceuser\ceuser.vcxproj", "{23D3E993-8190-45F8-A930-A98EEC898A9C}"
	ProjectSection(ProjectDependencies) = postProject
		{D8B8DA25-0E6D-4631-8B25-DBF5B10B45AD} = {D8B8DA25-0E6D-4631-8B25-DBF5B10B45AD}
		{C1E8BFF0-F318-4EF2-B746-47F3CB8FFB31} = {C1E8BFF0-F318-4EF2-B746-47F3CB8FFB31}
	EndProjectSection
EndProject
Project("{8BC9CEB8-8B4A-11D0-8D11-00A0C91BC942}") = "settings", "settings\settings.vcxproj", "{C1E8BFF0-F318-4EF2-B746-47F3CB8FFB31}"
EndProject
Project("{8BC9CEB8-8B4A-11D0-8D11-00A0C91BC942}") = "cerestore", "cerestore\restore.vcxproj", "{91A6E933-E23A-48B7-B7EF-B70F7B657F07}"
	ProjectSection(ProjectDependencies) = postProject
		{D8B8DA25-0E6D-4631-8B25-DBF5B10B45AD} = {D8B8DA25-0E6D-4631-8B25-DBF5B10B45AD}
		{C1E8BFF0-F318-4EF2-B746-47F3CB8FFB31} = {C1E8BFF0-F318-4EF2-B746-47F3CB8FFB31}
	EndProjectSection
EndProject
Project("{8BC9CEB8-8B4A-11D0-8D11-00A0C91BC942}") = "cetest", "cetest\cetest.vcxproj", "{23B78CF1-B6C7-48D0-8D68-8C33BDB43B62}"
	ProjectSection(ProjectDependencies) = postProject
		{D8B8DA25-0E6D-4631-8B25-DBF5B10B45AD} = {D8B8DA25-0E6D-4631-8B25-DBF5B10B45AD}
		{91A6E933-E23A-48B7-B7EF-B70F7B657F07} = {91A6E933-E23A-48B7-B7EF-B70F7B657F07}
		{23D3E993-8190-45F8-A930-A98EEC898A9C} = {23D3E993-8190-45F8-A930-A98EEC898A9C}
		{C1E8BFF0-F318-4EF2-B746-47F3CB8FFB31} = {C1E8BFF0-F318-4EF2-B746-47F3CB8FFB31}
	EndProjectSection
EndProject
Project("{8BC9CEB8-8B4A-11D0-8D11-00A0C91BC942}") = "ceservice", "ceservice\ceservice.vcxproj", "{C3D9E303-39CB-4A2E-93A3-04177CD85319}"
	ProjectSection(ProjectDependencies) = postProject
		{C1E8BFF0-F318-4EF2-B746-47F3CB8FFB31} = {C1E8BFF0-F318-4EF2-B746-47F3CB8FFB31}
	EndProjectSection
EndProject
Project("{8BC9CEB8-8B4A-11D0-8D11-00A0C91BC942}") = "ceuserlib", "ceuserlib\ceuserlib.vcxproj", "{86117D1D-5C30-4B9D-9C9D-0936BBE52F48}"
	ProjectSection(ProjectDependencies) = postProject
		{D8B8DA25-0E6D-4631-8B25-DBF5B10B45AD} = {D8B8DA25-0E6D-4631-8B25-DBF5B10B45AD}
		{C1E8BFF0-F318-4EF2-B746-47F3CB8FFB31} = {C1E8BFF0-F318-4EF2-B746-47F3CB8FFB31}
	EndProjectSection
EndProject
Project("{FAE04EC0-301F-11D3-BF4B-00C04F79EFBC}") = "CeCsharpTest", "csharptest\CeCsharpTest.csproj", "{CDBB25DD-498D-4B6D-8C07-5E138BD78602}"
	ProjectSection(ProjectDependencies) = postProject
		{2BB3DB3C-3FFB-4AF4-9B6A-BA8394B1D83C} = {2BB3DB3C-3FFB-4AF4-9B6A-BA8394B1D83C}
	EndProjectSection
EndProject
Project("{FAE04EC0-301F-11D3-BF4B-00C04F79EFBC}") = "CeBackupLibNet", "CebackupLibNet\CeBackupLibNet.csproj", "{2BB3DB3C-3FFB-4AF4-9B6A-BA8394B1D83C}"
	ProjectSection(ProjectDependencies) = postProject
		{86117D1D-5C30-4B9D-9C9D-0936BBE52F48} = {86117D1D-5C30-4B9D-9C9D-0936BBE52F48}
	EndProjectSection
EndProject
Global
	GlobalSection(SolutionConfigurationPlatforms) = preSolution
		Debug|Any CPU = Debug|Any CPU
		Debug|Win32 = Debug|Win32
		Debug|x64 = Debug|x64
		Release|Any CPU = Release|Any CPU
		Release|Win32 = Release|Win32
		Release|x64 = Release|x64
	EndGlobalSection
	GlobalSection(ProjectConfigurationPlatforms) = postSolution
		{D8B8DA25-0E6D-4631-8B25-DBF5B10B45AD}.Debug|Any CPU.ActiveCfg = Debug|Win32
		{D8B8DA25-0E6D-4631-8B25-DBF5B10B45AD}.Debug|Win32.ActiveCfg = Debug|Win32
		{D8B8DA25-0E6D-4631-8B25-DBF5B10B45AD}.Debug|Win32.Build.0 = Debug|Win32
		{D8B8DA25-0E6D-4631-8B25-DBF5B10B45AD}.Debug|x64.ActiveCfg = Debug|x64
		{D8B8DA25-0E6D-4631-8B25-DBF5B10B45AD}.Debug|x64.Build.0 = Debug|x64
		{D8B8DA25-0E6D-4631-8B25-DBF5B10B45AD}.Release|Any CPU.ActiveCfg = Release|Win32
		{D8B8DA25-0E6D-4631-8B25-DBF5B10B45AD}.Release|Win32.ActiveCfg = Release|Win32
		{D8B8DA25-0E6D-4631-8B25-DBF5B10B45AD}.Release|Win32.Build.0 = Release|Win32
		{D8B8DA25-0E6D-4631-8B25-DBF5B10B45AD}.Release|x64.ActiveCfg = Release|x64
		{D8B8DA25-0E6D-4631-8B25-DBF5B10B45AD}.Release|x64.Build.0 = Release|x64
		{23D3E993-8190-45F8-A930-A98EEC898A9C}.Debug|Any CPU.ActiveCfg = Debug|Win32
		{23D3E993-8190-45F8-A930-A98EEC898A9C}.Debug|Win32.ActiveCfg = Debug|Win32
		{23D3E993-8190-45F8-A930-A98EEC898A9C}.Debug|Win32.Build.0 = Debug|Win32
		{23D3E993-8190-45F8-A930-A98EEC898A9C}.Debug|Win32.Deploy.0 = Debug|Win32
		{23D3E993-8190-45F8-A930-A98EEC898A9C}.Debug|x64.ActiveCfg = Debug|x64
		{23D3E993-8190-45F8-A930-A98EEC898A9C}.Debug|x64.Build.0 = Debug|x64
		{23D3E993-8190-45F8-A930-A98EEC898A9C}.Release|Any CPU.ActiveCfg = Release|Win32
		{23D3E993-8190-45F8-A930-A98EEC898A9C}.Release|Win32.ActiveCfg = Release|Win32
		{23D3E993-8190-45F8-A930-A98EEC898A9C}.Release|Win32.Build.0 = Release|Win32
		{23D3E993-8190-45F8-A930-A98EEC898A9C}.Release|x64.ActiveCfg = Release|x64
		{23D3E993-8190-45F8-A930-A98EEC898A9C}.Release|x64.Build.0 = Release|x64
		{C1E8BFF0-F318-4EF2-B746-47F3CB8FFB31}.Debug|Any CPU.ActiveCfg = Debug|Win32
		{C1E8BFF0-F318-4EF2-B746-47F3CB8FFB31}.Debug|Win32.ActiveCfg = Debug|Win32
		{C1E8BFF0-F318-4EF2-B746-47F3CB8FFB31}.Debug|Win32.Build.0 = Debug|Win32
		{C1E8BFF0-F318-4EF2-B746-47F3CB8FFB31}.Debug|x64.ActiveCfg = Debug|x64
		{C1E8BFF0-F318-4EF2-B746-47F3CB8FFB31}.Debug|x64.Build.0 = Debug|x64
		{C1E8BFF0-F318-4EF2-B746-47F3CB8FFB31}.Release|Any CPU.ActiveCfg = Release|Win32
		{C1E8BFF0-F318-4EF2-B746-47F3CB8FFB31}.Release|Win32.ActiveCfg = Release|Win32
		{C1E8BFF0-F318-4EF2-B746-47F3CB8FFB31}.Release|Win32.Build.0 = Release|Win32
		{C1E8BFF0-F318-4EF2-B746-47F3CB8FFB31}.Release|x64.ActiveCfg = Release|x64
		{C1E8BFF0-F318-4EF2-B746-47F3CB8FFB31}.Release|x64.Build.0 = Release|x64
		{91A6E933-E23A-48B7-B7EF-B70F7B657F07}.Debug|Any CPU.ActiveCfg = Debug|Win32
		{91A6E933-E23A-48B7-B7EF-B70F7B657F07}.Debug|Win32.ActiveCfg = Debug|Win32
		{91A6E933-E23A-48B7-B7EF-B70F7B657F07}.Debug|Win32.Build.0 = Debug|Win32
		{91A6E933-E23A-48B7-B7EF-B70F7B657F07}.Debug|x64.ActiveCfg = Debug|x64
		{91A6E933-E23A-48B7-B7EF-B70F7B657F07}.Debug|x64.Build.0 = Debug|x64
		{91A6E933-E23A-48B7-B7EF-B70F7B657F07}.Debug|x64.Deploy.0 = Debug|x64
		{91A6E933-E23A-48B7-B7EF-B70F7B657F07}.Release|Any CPU.ActiveCfg = Release|Win32
		{91A6E933-E23A-48B7-B7EF-B70F7B657F07}.Release|Win32.ActiveCfg = Release|Win32
		{91A6E933-E23A-48B7-B7EF-B70F7B657F07}.Release|Win32.Build.0 = Release|Win32
		{91A6E933-E23A-48B7-B7EF-B70F7B657F07}.Release|x64.ActiveCfg = Release|x64
		{91A6E933-E23A-48B7-B7EF-B70F7B657F07}.Release|x64.Build.0 = Release|x64
		{23B78CF1-B6C7-48D0-8D68-8C33BDB43B62}.Debug|Any CPU.ActiveCfg = Debug|Win32
		{23B78CF1-B6C7-48D0-8D68-8C33BDB43B62}.Debug|Win32.ActiveCfg = Debug|Win32
		{23B78CF1-B6C7-48D0-8D68-8C33BDB43B62}.Debug|Win32.Build.0 = Debug|Win32
		{23B78CF1-B6C7-48D0-8D68-8C33BDB43B62}.Debug|x64.ActiveCfg = Debug|x64
		{23B78CF1-B6C7-48D0-8D68-8C33BDB43B62}.Debug|x64.Build.0 = Debug|x64
		{23B78CF1-B6C7-48D0-8D68-8C33BDB43B62}.Debug|x64.Deploy.0 = Debug|x64
		{23B78CF1-B6C7-48D0-8D68-8C33BDB43B62}.Release|Any CPU.ActiveCfg = Release|Win32
		{23B78CF1-B6C7-48D0-8D68-8C33BDB43B62}.Release|Win32.ActiveCfg = Release|Win32
		{23B78CF1-B6C7-48D0-8D68-8C33BDB43B62}.Release|Win32.Build.0 = Release|Win32
		{23B78CF1-B6C7-48D0-8D68-8C33BDB43B62}.Release|x64.ActiveCfg = Release|x64
		{23B78CF1-B6C7-48D0-8D68-8C33BDB43B62}.Release|x64.Build.0 = Release|x64
		{C3D9E303-39CB-4A2E-93A3-04177CD85319}.Debug|Any CPU.ActiveCfg = Debug|Win32
		{C3D9E303-39CB-4A2E-93A3-04177CD85319}.Debug|Win32.ActiveCfg = Debug|Win32
		{C3D9E303-39CB-4A2E-93A3-04177CD85319}.Debug|Win32.Build.0 = Debug|Win32
		{C3D9E303-39CB-4A2E-93A3-04177CD85319}.Debug|x64.ActiveCfg = Debug|x64
		{C3D9E303-39CB-4A2E-93A3-04177CD85319}.Debug|x64.Build.0 = Debug|x64
		{C3D9E303-39CB-4A2E-93A3-04177CD85319}.Release|Any CPU.ActiveCfg = Release|Win32
		{C3D9E303-39CB-4A2E-93A3-04177CD85319}.Release|Win32.ActiveCfg = Release|Win32
		{C3D9E303-39CB-4A2E-93A3-04177CD85319}.Release|Win32.Build.0 = Release|Win32
		{C3D9E303-39CB-4A2E-93A3-04177CD85319}.Release|x64.ActiveCfg = Release|x64
		{C3D9E303-39CB-4A2E-93A3-04177CD85319}.Release|x64.Build.0 = Release|x64
		{86117D1D-5C30-4B9D-9C9D-0936BBE52F48}.Debug|Any CPU.ActiveCfg = Debug|Win32
		{86117D1D-5C30-4B9D-9C9D-0936BBE52F48}.Debug|Win32.ActiveCfg = Debug|Win32
		{86117D1D-5C30-4B9D-9C9D-0936BBE52F48}.Debug|Win32.Build.0 = Debug|Win32
		{86117D1D-5C30-4B9D-9C9D-0936BBE52F48}.Debug|x64.ActiveCfg = Debug|x64
		{86117D1D-5C30-4B9D-9C9D-0936BBE52F48}.Debug|x64.Build.0 = Debug|x64
		{86117D1D-5C30-4B9D-9C9D-0936BBE52F48}.Release|Any CPU.ActiveCfg = Release|Win32
		{86117D1D-5C30-4B9D-9C9D-0936BBE52F48}.Release|Win32.ActiveCfg = Release|Win32
		{86117D1D-5C30-4B9D-9C9D-0936BBE52F48}.Release|Win32.Build.0 = Release|Win32
		{86117D1D-5C30-4B9D-9C9D-0936BBE52F48}.Release|x64.ActiveCfg = Release|x64
		{86117D1D-5C30-4B9D-9C9D-0936BBE52F48}.Release|x64.Build.0 = Release|x64
		{CDBB25DD-498D-4B6D-8C07-5E138BD78602}.Debug|Any CPU.ActiveCfg = Debug|Any CPU
		{CDBB25DD-498D-4B6D-8C07-5E138BD78602}.Debug|Any CPU.Build.0 = Debug|Any CPU
		{CDBB25DD-498D-4B6D-8C07-5E138BD78602}.Debug|Win32.ActiveCfg = Debug|Any CPU
		{CDBB25DD-498D-4B6D-8C07-5E138BD78602}.Debug|Win32.Build.0 = Debug|Any CPU
		{CDBB25DD-498D-4B6D-8C07-5E138BD78602}.Debug|x64.ActiveCfg = Debug|Any CPU
		{CDBB25DD-498D-4B6D-8C07-5E138BD78602}.Debug|x64.Build.0 = Debug|Any CPU
		{CDBB25DD-498D-4B6D-8C07-5E138BD78602}.Release|Any CPU.ActiveCfg = Release|Any CPU
		{CDBB25DD-498D-4B6D-8C07-5E138BD78602}.Release|Any CPU.Build.0 = Release|Any CPU
		{CDBB25DD-498D-4B6D-8C07-5E138BD78602}.Release|Win32.ActiveCfg = Release|Any CPU
		{CDBB25DD-498D-4B6D-8C07-5E138BD78602}.Release|Win32.Build.0 = Release|Any CPU
		{CDBB25DD-498D-4B6D-8C07-5E138BD78602}.Release|x64.ActiveCfg = Release|Any CPU
		{CDBB25DD-498D-4B6D-8C07-5E138BD78602}.Release|x64.Build.0 = Release|Any CPU
		{2BB3DB3C-3FFB-4AF4-9B6A-BA8394B1D83C}.Debug|Any CPU.ActiveCfg = Debug|Any CPU
		{2BB3DB3C-3FFB-4AF4-9B6A-BA8394B1D83C}.Debug|Any CPU.Build.0 = Debug|Any CPU
		{2BB3DB3C-3FFB-4AF4-9B6A-BA8394B1D83C}.Debug|Win32.ActiveCfg = Debug|Any CPU
		{2BB3DB3C-3FFB-4AF4-9B6A-BA8394B1D83C}.Debug|Win32.Build.0 = Debug|Any CPU
		{2BB3DB3C-3FFB-4AF4-9B6A-BA8394B1D83C}.Debug|x64.ActiveCfg = Debug|Any CPU
		{2BB3DB3C-3FFB-4AF4-9B6A-BA8394B1D83C}.Debug|x64.Build.0 = Debug|Any CPU
		{2BB3DB3C-3FFB-4AF4-9B6A-BA8394B1D83C}.Release|Any CPU.ActiveCfg = Release|Any CPU
		{2BB3DB3C-3FFB-4AF4-9B6A-BA8394B1D83C}.Release|Any CPU.Build.0 = Release|Any CPU
		{2BB3DB3C-3FFB-4AF4-9B6A-BA8394B1D83C}.Release|Win32.ActiveCfg = Release|Any CPU
		{2BB3DB3C-3FFB-4AF4-9B6A-BA8394B1D83C}.Release|Win32.Build.0 = Release|Any CPU
		{2BB3DB3C-3FFB-4AF4-9B6A-BA8394B1D83C}.Release|x64.ActiveCfg = Release|Any CPU
		{2BB3DB3C-3FFB-4AF4-9B6A-BA8394B1D83C}.Release|x64.Build.0 = Release|Any CPU
	EndGlobalSection
	GlobalSection(SolutionProperties) = preSolution
		HideSolutionNode = FALSE
	EndGlobalSection
EndGlobal
